{
  "name": "server",
  "lockfileVersion": 3,
  "requires": true,
  "packages": {
    "": {
      "name": "server",
      "dependencies": {
        "@google/generative-ai": "^0.24.1",
        "@hono/node-server": "^1.19.6",
        "@prisma/client": "^7.0.1",
        "bcryptjs": "^3.0.3",
        "date-fns": "^4.1.0",
        "hono": "^4.10.7",
        "ioredis": "^5.8.2",
        "jsonwebtoken": "^9.0.2",
        "nanoid": "^5.1.6",
        "nodemailer": "^7.0.11",
        "zod": "^4.1.13"
      },
      "devDependencies": {
        "@types/bcryptjs": "^3.0.0",
        "@types/bun": "^1.3.3",
        "@types/jsonwebtoken": "^9.0.10",
        "@types/nodemailer": "^7.0.4"
      },
      "peerDependencies": {
        "typescript": "^5.9.3"
      }
    },
    "node_modules/@aws-crypto/sha256-browser": {
      "version": "5.2.0",
      "dev": true,
      "license": "Apache-2.0",
      "dependencies": {
        "@aws-crypto/sha256-js": "^5.2.0",
        "@aws-crypto/supports-web-crypto": "^5.2.0",
        "@aws-crypto/util": "^5.2.0",
        "@aws-sdk/types": "^3.222.0",
        "@aws-sdk/util-locate-window": "^3.0.0",
        "@smithy/util-utf8": "^2.0.0",
        "tslib": "^2.6.2"
      }
    },
    "node_modules/@aws-crypto/sha256-browser/node_modules/@smithy/util-utf8": {
      "version": "2.3.0",
      "dev": true,
      "license": "Apache-2.0",
      "dependencies": {
        "@smithy/util-buffer-from": "^2.2.0",
        "tslib": "^2.6.2"
      },
      "engines": {
        "node": ">=14.0.0"
      }
    },
    "node_modules/@aws-crypto/sha256-browser/node_modules/@smithy/util-utf8/node_modules/@smithy/util-buffer-from": {
      "version": "2.2.0",
      "dev": true,
      "license": "Apache-2.0",
      "dependencies": {
        "@smithy/is-array-buffer": "^2.2.0",
        "tslib": "^2.6.2"
      },
      "engines": {
        "node": ">=14.0.0"
      }
    },
    "node_modules/@aws-crypto/sha256-browser/node_modules/@smithy/util-utf8/node_modules/@smithy/util-buffer-from/node_modules/@smithy/is-array-buffer": {
      "version": "2.2.0",
      "dev": true,
      "license": "Apache-2.0",
      "dependencies": {
        "tslib": "^2.6.2"
      },
      "engines": {
        "node": ">=14.0.0"
      }
    },
    "node_modules/@aws-crypto/sha256-js": {
      "version": "5.2.0",
      "dev": true,
      "license": "Apache-2.0",
      "dependencies": {
        "@aws-crypto/util": "^5.2.0",
        "@aws-sdk/types": "^3.222.0",
        "tslib": "^2.6.2"
      },
      "engines": {
        "node": ">=16.0.0"
      }
    },
    "node_modules/@aws-crypto/supports-web-crypto": {
      "version": "5.2.0",
      "dev": true,
      "license": "Apache-2.0",
      "dependencies": {
        "tslib": "^2.6.2"
      }
    },
    "node_modules/@aws-crypto/util": {
      "version": "5.2.0",
      "dev": true,
      "license": "Apache-2.0",
      "dependencies": {
        "@aws-sdk/types": "^3.222.0",
        "@smithy/util-utf8": "^2.0.0",
        "tslib": "^2.6.2"
      }
    },
    "node_modules/@aws-crypto/util/node_modules/@smithy/util-utf8": {
      "version": "2.3.0",
      "dev": true,
      "license": "Apache-2.0",
      "dependencies": {
        "@smithy/util-buffer-from": "^2.2.0",
        "tslib": "^2.6.2"
      },
      "engines": {
        "node": ">=14.0.0"
      }
    },
    "node_modules/@aws-crypto/util/node_modules/@smithy/util-utf8/node_modules/@smithy/util-buffer-from": {
      "version": "2.2.0",
      "dev": true,
      "license": "Apache-2.0",
      "dependencies": {
        "@smithy/is-array-buffer": "^2.2.0",
        "tslib": "^2.6.2"
      },
      "engines": {
        "node": ">=14.0.0"
      }
    },
    "node_modules/@aws-crypto/util/node_modules/@smithy/util-utf8/node_modules/@smithy/util-buffer-from/node_modules/@smithy/is-array-buffer": {
      "version": "2.2.0",
      "dev": true,
      "license": "Apache-2.0",
      "dependencies": {
        "tslib": "^2.6.2"
      },
      "engines": {
        "node": ">=14.0.0"
      }
    },
    "node_modules/@aws-sdk/client-sesv2": {
      "version": "3.940.0",
      "dev": true,
      "license": "Apache-2.0",
      "dependencies": {
        "@aws-crypto/sha256-browser": "5.2.0",
        "@aws-crypto/sha256-js": "5.2.0",
        "@aws-sdk/core": "3.940.0",
        "@aws-sdk/credential-provider-node": "3.940.0",
        "@aws-sdk/middleware-host-header": "3.936.0",
        "@aws-sdk/middleware-logger": "3.936.0",
        "@aws-sdk/middleware-recursion-detection": "3.936.0",
        "@aws-sdk/middleware-user-agent": "3.940.0",
        "@aws-sdk/region-config-resolver": "3.936.0",
        "@aws-sdk/signature-v4-multi-region": "3.940.0",
        "@aws-sdk/types": "3.936.0",
        "@aws-sdk/util-endpoints": "3.936.0",
        "@aws-sdk/util-user-agent-browser": "3.936.0",
        "@aws-sdk/util-user-agent-node": "3.940.0",
        "@smithy/config-resolver": "^4.4.3",
        "@smithy/core": "^3.18.5",
        "@smithy/fetch-http-handler": "^5.3.6",
        "@smithy/hash-node": "^4.2.5",
        "@smithy/invalid-dependency": "^4.2.5",
        "@smithy/middleware-content-length": "^4.2.5",
        "@smithy/middleware-endpoint": "^4.3.12",
        "@smithy/middleware-retry": "^4.4.12",
        "@smithy/middleware-serde": "^4.2.6",
        "@smithy/middleware-stack": "^4.2.5",
        "@smithy/node-config-provider": "^4.3.5",
        "@smithy/node-http-handler": "^4.4.5",
        "@smithy/protocol-http": "^5.3.5",
        "@smithy/smithy-client": "^4.9.8",
        "@smithy/types": "^4.9.0",
        "@smithy/url-parser": "^4.2.5",
        "@smithy/util-base64": "^4.3.0",
        "@smithy/util-body-length-browser": "^4.2.0",
        "@smithy/util-body-length-node": "^4.2.1",
        "@smithy/util-defaults-mode-browser": "^4.3.11",
        "@smithy/util-defaults-mode-node": "^4.2.14",
        "@smithy/util-endpoints": "^3.2.5",
        "@smithy/util-middleware": "^4.2.5",
        "@smithy/util-retry": "^4.2.5",
        "@smithy/util-utf8": "^4.2.0",
        "tslib": "^2.6.2"
      },
      "engines": {
        "node": ">=18.0.0"
      }
    },
    "node_modules/@aws-sdk/client-sso": {
      "version": "3.940.0",
      "dev": true,
      "license": "Apache-2.0",
      "dependencies": {
        "@aws-crypto/sha256-browser": "5.2.0",
        "@aws-crypto/sha256-js": "5.2.0",
        "@aws-sdk/core": "3.940.0",
        "@aws-sdk/middleware-host-header": "3.936.0",
        "@aws-sdk/middleware-logger": "3.936.0",
        "@aws-sdk/middleware-recursion-detection": "3.936.0",
        "@aws-sdk/middleware-user-agent": "3.940.0",
        "@aws-sdk/region-config-resolver": "3.936.0",
        "@aws-sdk/types": "3.936.0",
        "@aws-sdk/util-endpoints": "3.936.0",
        "@aws-sdk/util-user-agent-browser": "3.936.0",
        "@aws-sdk/util-user-agent-node": "3.940.0",
        "@smithy/config-resolver": "^4.4.3",
        "@smithy/core": "^3.18.5",
        "@smithy/fetch-http-handler": "^5.3.6",
        "@smithy/hash-node": "^4.2.5",
        "@smithy/invalid-dependency": "^4.2.5",
        "@smithy/middleware-content-length": "^4.2.5",
        "@smithy/middleware-endpoint": "^4.3.12",
        "@smithy/middleware-retry": "^4.4.12",
        "@smithy/middleware-serde": "^4.2.6",
        "@smithy/middleware-stack": "^4.2.5",
        "@smithy/node-config-provider": "^4.3.5",
        "@smithy/node-http-handler": "^4.4.5",
        "@smithy/protocol-http": "^5.3.5",
        "@smithy/smithy-client": "^4.9.8",
        "@smithy/types": "^4.9.0",
        "@smithy/url-parser": "^4.2.5",
        "@smithy/util-base64": "^4.3.0",
        "@smithy/util-body-length-browser": "^4.2.0",
        "@smithy/util-body-length-node": "^4.2.1",
        "@smithy/util-defaults-mode-browser": "^4.3.11",
        "@smithy/util-defaults-mode-node": "^4.2.14",
        "@smithy/util-endpoints": "^3.2.5",
        "@smithy/util-middleware": "^4.2.5",
        "@smithy/util-retry": "^4.2.5",
        "@smithy/util-utf8": "^4.2.0",
        "tslib": "^2.6.2"
      },
      "engines": {
        "node": ">=18.0.0"
      }
    },
    "node_modules/@aws-sdk/core": {
      "version": "3.940.0",
      "dev": true,
      "license": "Apache-2.0",
      "dependencies": {
        "@aws-sdk/types": "3.936.0",
        "@aws-sdk/xml-builder": "3.930.0",
        "@smithy/core": "^3.18.5",
        "@smithy/node-config-provider": "^4.3.5",
        "@smithy/property-provider": "^4.2.5",
        "@smithy/protocol-http": "^5.3.5",
        "@smithy/signature-v4": "^5.3.5",
        "@smithy/smithy-client": "^4.9.8",
        "@smithy/types": "^4.9.0",
        "@smithy/util-base64": "^4.3.0",
        "@smithy/util-middleware": "^4.2.5",
        "@smithy/util-utf8": "^4.2.0",
        "tslib": "^2.6.2"
      },
      "engines": {
        "node": ">=18.0.0"
      }
    },
    "node_modules/@aws-sdk/credential-provider-env": {
      "version": "3.940.0",
      "dev": true,
      "license": "Apache-2.0",
      "dependencies": {
        "@aws-sdk/core": "3.940.0",
        "@aws-sdk/types": "3.936.0",
        "@smithy/property-provider": "^4.2.5",
        "@smithy/types": "^4.9.0",
        "tslib": "^2.6.2"
      },
      "engines": {
        "node": ">=18.0.0"
      }
    },
    "node_modules/@aws-sdk/credential-provider-http": {
      "version": "3.940.0",
      "dev": true,
      "license": "Apache-2.0",
      "dependencies": {
        "@aws-sdk/core": "3.940.0",
        "@aws-sdk/types": "3.936.0",
        "@smithy/fetch-http-handler": "^5.3.6",
        "@smithy/node-http-handler": "^4.4.5",
        "@smithy/property-provider": "^4.2.5",
        "@smithy/protocol-http": "^5.3.5",
        "@smithy/smithy-client": "^4.9.8",
        "@smithy/types": "^4.9.0",
        "@smithy/util-stream": "^4.5.6",
        "tslib": "^2.6.2"
      },
      "engines": {
        "node": ">=18.0.0"
      }
    },
    "node_modules/@aws-sdk/credential-provider-ini": {
      "version": "3.940.0",
      "dev": true,
      "license": "Apache-2.0",
      "dependencies": {
        "@aws-sdk/core": "3.940.0",
        "@aws-sdk/credential-provider-env": "3.940.0",
        "@aws-sdk/credential-provider-http": "3.940.0",
        "@aws-sdk/credential-provider-login": "3.940.0",
        "@aws-sdk/credential-provider-process": "3.940.0",
        "@aws-sdk/credential-provider-sso": "3.940.0",
        "@aws-sdk/credential-provider-web-identity": "3.940.0",
        "@aws-sdk/nested-clients": "3.940.0",
        "@aws-sdk/types": "3.936.0",
        "@smithy/credential-provider-imds": "^4.2.5",
        "@smithy/property-provider": "^4.2.5",
        "@smithy/shared-ini-file-loader": "^4.4.0",
        "@smithy/types": "^4.9.0",
        "tslib": "^2.6.2"
      },
      "engines": {
        "node": ">=18.0.0"
      }
    },
    "node_modules/@aws-sdk/credential-provider-login": {
      "version": "3.940.0",
      "dev": true,
      "license": "Apache-2.0",
      "dependencies": {
        "@aws-sdk/core": "3.940.0",
        "@aws-sdk/nested-clients": "3.940.0",
        "@aws-sdk/types": "3.936.0",
        "@smithy/property-provider": "^4.2.5",
        "@smithy/protocol-http": "^5.3.5",
        "@smithy/shared-ini-file-loader": "^4.4.0",
        "@smithy/types": "^4.9.0",
        "tslib": "^2.6.2"
      },
      "engines": {
        "node": ">=18.0.0"
      }
    },
    "node_modules/@aws-sdk/credential-provider-node": {
      "version": "3.940.0",
      "dev": true,
      "license": "Apache-2.0",
      "dependencies": {
        "@aws-sdk/credential-provider-env": "3.940.0",
        "@aws-sdk/credential-provider-http": "3.940.0",
        "@aws-sdk/credential-provider-ini": "3.940.0",
        "@aws-sdk/credential-provider-process": "3.940.0",
        "@aws-sdk/credential-provider-sso": "3.940.0",
        "@aws-sdk/credential-provider-web-identity": "3.940.0",
        "@aws-sdk/types": "3.936.0",
        "@smithy/credential-provider-imds": "^4.2.5",
        "@smithy/property-provider": "^4.2.5",
        "@smithy/shared-ini-file-loader": "^4.4.0",
        "@smithy/types": "^4.9.0",
        "tslib": "^2.6.2"
      },
      "engines": {
        "node": ">=18.0.0"
      }
    },
    "node_modules/@aws-sdk/credential-provider-process": {
      "version": "3.940.0",
      "dev": true,
      "license": "Apache-2.0",
      "dependencies": {
        "@aws-sdk/core": "3.940.0",
        "@aws-sdk/types": "3.936.0",
        "@smithy/property-provider": "^4.2.5",
        "@smithy/shared-ini-file-loader": "^4.4.0",
        "@smithy/types": "^4.9.0",
        "tslib": "^2.6.2"
      },
      "engines": {
        "node": ">=18.0.0"
      }
    },
    "node_modules/@aws-sdk/credential-provider-sso": {
      "version": "3.940.0",
      "dev": true,
      "license": "Apache-2.0",
      "dependencies": {
        "@aws-sdk/client-sso": "3.940.0",
        "@aws-sdk/core": "3.940.0",
        "@aws-sdk/token-providers": "3.940.0",
        "@aws-sdk/types": "3.936.0",
        "@smithy/property-provider": "^4.2.5",
        "@smithy/shared-ini-file-loader": "^4.4.0",
        "@smithy/types": "^4.9.0",
        "tslib": "^2.6.2"
      },
      "engines": {
        "node": ">=18.0.0"
      }
    },
    "node_modules/@aws-sdk/credential-provider-web-identity": {
      "version": "3.940.0",
      "dev": true,
      "license": "Apache-2.0",
      "dependencies": {
        "@aws-sdk/core": "3.940.0",
        "@aws-sdk/nested-clients": "3.940.0",
        "@aws-sdk/types": "3.936.0",
        "@smithy/property-provider": "^4.2.5",
        "@smithy/shared-ini-file-loader": "^4.4.0",
        "@smithy/types": "^4.9.0",
        "tslib": "^2.6.2"
      },
      "engines": {
        "node": ">=18.0.0"
      }
    },
    "node_modules/@aws-sdk/middleware-host-header": {
      "version": "3.936.0",
      "dev": true,
      "license": "Apache-2.0",
      "dependencies": {
        "@aws-sdk/types": "3.936.0",
        "@smithy/protocol-http": "^5.3.5",
        "@smithy/types": "^4.9.0",
        "tslib": "^2.6.2"
      },
      "engines": {
        "node": ">=18.0.0"
      }
    },
    "node_modules/@aws-sdk/middleware-logger": {
      "version": "3.936.0",
      "dev": true,
      "license": "Apache-2.0",
      "dependencies": {
        "@aws-sdk/types": "3.936.0",
        "@smithy/types": "^4.9.0",
        "tslib": "^2.6.2"
      },
      "engines": {
        "node": ">=18.0.0"
      }
    },
    "node_modules/@aws-sdk/middleware-recursion-detection": {
      "version": "3.936.0",
      "dev": true,
      "license": "Apache-2.0",
      "dependencies": {
        "@aws-sdk/types": "3.936.0",
        "@aws/lambda-invoke-store": "^0.2.0",
        "@smithy/protocol-http": "^5.3.5",
        "@smithy/types": "^4.9.0",
        "tslib": "^2.6.2"
      },
      "engines": {
        "node": ">=18.0.0"
      }
    },
    "node_modules/@aws-sdk/middleware-sdk-s3": {
      "version": "3.940.0",
      "dev": true,
      "license": "Apache-2.0",
      "dependencies": {
        "@aws-sdk/core": "3.940.0",
        "@aws-sdk/types": "3.936.0",
        "@aws-sdk/util-arn-parser": "3.893.0",
        "@smithy/core": "^3.18.5",
        "@smithy/node-config-provider": "^4.3.5",
        "@smithy/protocol-http": "^5.3.5",
        "@smithy/signature-v4": "^5.3.5",
        "@smithy/smithy-client": "^4.9.8",
        "@smithy/types": "^4.9.0",
        "@smithy/util-config-provider": "^4.2.0",
        "@smithy/util-middleware": "^4.2.5",
        "@smithy/util-stream": "^4.5.6",
        "@smithy/util-utf8": "^4.2.0",
        "tslib": "^2.6.2"
      },
      "engines": {
        "node": ">=18.0.0"
      }
    },
    "node_modules/@aws-sdk/middleware-user-agent": {
      "version": "3.940.0",
      "dev": true,
      "license": "Apache-2.0",
      "dependencies": {
        "@aws-sdk/core": "3.940.0",
        "@aws-sdk/types": "3.936.0",
        "@aws-sdk/util-endpoints": "3.936.0",
        "@smithy/core": "^3.18.5",
        "@smithy/protocol-http": "^5.3.5",
        "@smithy/types": "^4.9.0",
        "tslib": "^2.6.2"
      },
      "engines": {
        "node": ">=18.0.0"
      }
    },
    "node_modules/@aws-sdk/nested-clients": {
      "version": "3.940.0",
      "dev": true,
      "license": "Apache-2.0",
      "dependencies": {
        "@aws-crypto/sha256-browser": "5.2.0",
        "@aws-crypto/sha256-js": "5.2.0",
        "@aws-sdk/core": "3.940.0",
        "@aws-sdk/middleware-host-header": "3.936.0",
        "@aws-sdk/middleware-logger": "3.936.0",
        "@aws-sdk/middleware-recursion-detection": "3.936.0",
        "@aws-sdk/middleware-user-agent": "3.940.0",
        "@aws-sdk/region-config-resolver": "3.936.0",
        "@aws-sdk/types": "3.936.0",
        "@aws-sdk/util-endpoints": "3.936.0",
        "@aws-sdk/util-user-agent-browser": "3.936.0",
        "@aws-sdk/util-user-agent-node": "3.940.0",
        "@smithy/config-resolver": "^4.4.3",
        "@smithy/core": "^3.18.5",
        "@smithy/fetch-http-handler": "^5.3.6",
        "@smithy/hash-node": "^4.2.5",
        "@smithy/invalid-dependency": "^4.2.5",
        "@smithy/middleware-content-length": "^4.2.5",
        "@smithy/middleware-endpoint": "^4.3.12",
        "@smithy/middleware-retry": "^4.4.12",
        "@smithy/middleware-serde": "^4.2.6",
        "@smithy/middleware-stack": "^4.2.5",
        "@smithy/node-config-provider": "^4.3.5",
        "@smithy/node-http-handler": "^4.4.5",
        "@smithy/protocol-http": "^5.3.5",
        "@smithy/smithy-client": "^4.9.8",
        "@smithy/types": "^4.9.0",
        "@smithy/url-parser": "^4.2.5",
        "@smithy/util-base64": "^4.3.0",
        "@smithy/util-body-length-browser": "^4.2.0",
        "@smithy/util-body-length-node": "^4.2.1",
        "@smithy/util-defaults-mode-browser": "^4.3.11",
        "@smithy/util-defaults-mode-node": "^4.2.14",
        "@smithy/util-endpoints": "^3.2.5",
        "@smithy/util-middleware": "^4.2.5",
        "@smithy/util-retry": "^4.2.5",
        "@smithy/util-utf8": "^4.2.0",
        "tslib": "^2.6.2"
      },
      "engines": {
        "node": ">=18.0.0"
      }
    },
    "node_modules/@aws-sdk/region-config-resolver": {
      "version": "3.936.0",
      "dev": true,
      "license": "Apache-2.0",
      "dependencies": {
        "@aws-sdk/types": "3.936.0",
        "@smithy/config-resolver": "^4.4.3",
        "@smithy/node-config-provider": "^4.3.5",
        "@smithy/types": "^4.9.0",
        "tslib": "^2.6.2"
      },
      "engines": {
        "node": ">=18.0.0"
      }
    },
    "node_modules/@aws-sdk/signature-v4-multi-region": {
      "version": "3.940.0",
      "dev": true,
      "license": "Apache-2.0",
      "dependencies": {
        "@aws-sdk/middleware-sdk-s3": "3.940.0",
        "@aws-sdk/types": "3.936.0",
        "@smithy/protocol-http": "^5.3.5",
        "@smithy/signature-v4": "^5.3.5",
        "@smithy/types": "^4.9.0",
        "tslib": "^2.6.2"
      },
      "engines": {
        "node": ">=18.0.0"
      }
    },
    "node_modules/@aws-sdk/token-providers": {
      "version": "3.940.0",
      "dev": true,
      "license": "Apache-2.0",
      "dependencies": {
        "@aws-sdk/core": "3.940.0",
        "@aws-sdk/nested-clients": "3.940.0",
        "@aws-sdk/types": "3.936.0",
        "@smithy/property-provider": "^4.2.5",
        "@smithy/shared-ini-file-loader": "^4.4.0",
        "@smithy/types": "^4.9.0",
        "tslib": "^2.6.2"
      },
      "engines": {
        "node": ">=18.0.0"
      }
    },
    "node_modules/@aws-sdk/types": {
      "version": "3.936.0",
      "dev": true,
      "license": "Apache-2.0",
      "dependencies": {
        "@smithy/types": "^4.9.0",
        "tslib": "^2.6.2"
      },
      "engines": {
        "node": ">=18.0.0"
      }
    },
    "node_modules/@aws-sdk/util-arn-parser": {
      "version": "3.893.0",
      "dev": true,
      "license": "Apache-2.0",
      "dependencies": {
        "tslib": "^2.6.2"
      },
      "engines": {
        "node": ">=18.0.0"
      }
    },
    "node_modules/@aws-sdk/util-endpoints": {
      "version": "3.936.0",
      "dev": true,
      "license": "Apache-2.0",
      "dependencies": {
        "@aws-sdk/types": "3.936.0",
        "@smithy/types": "^4.9.0",
        "@smithy/url-parser": "^4.2.5",
        "@smithy/util-endpoints": "^3.2.5",
        "tslib": "^2.6.2"
      },
      "engines": {
        "node": ">=18.0.0"
      }
    },
    "node_modules/@aws-sdk/util-locate-window": {
      "version": "3.893.0",
      "dev": true,
      "license": "Apache-2.0",
      "dependencies": {
        "tslib": "^2.6.2"
      },
      "engines": {
        "node": ">=18.0.0"
      }
    },
    "node_modules/@aws-sdk/util-user-agent-browser": {
      "version": "3.936.0",
      "dev": true,
      "license": "Apache-2.0",
      "dependencies": {
        "@aws-sdk/types": "3.936.0",
        "@smithy/types": "^4.9.0",
        "bowser": "^2.11.0",
        "tslib": "^2.6.2"
      }
    },
    "node_modules/@aws-sdk/util-user-agent-node": {
      "version": "3.940.0",
      "dev": true,
      "license": "Apache-2.0",
      "dependencies": {
        "@aws-sdk/middleware-user-agent": "3.940.0",
        "@aws-sdk/types": "3.936.0",
        "@smithy/node-config-provider": "^4.3.5",
        "@smithy/types": "^4.9.0",
        "tslib": "^2.6.2"
      },
      "engines": {
        "node": ">=18.0.0"
      },
      "peerDependencies": {
        "aws-crt": ">=1.0.0"
      },
      "peerDependenciesMeta": {
        "aws-crt": {
          "optional": true
        }
      }
    },
    "node_modules/@aws-sdk/xml-builder": {
      "version": "3.930.0",
      "dev": true,
      "license": "Apache-2.0",
      "dependencies": {
        "@smithy/types": "^4.9.0",
        "fast-xml-parser": "5.2.5",
        "tslib": "^2.6.2"
      },
      "engines": {
        "node": ">=18.0.0"
      }
    },
    "node_modules/@aws/lambda-invoke-store": {
      "version": "0.2.1",
      "dev": true,
      "license": "Apache-2.0",
      "engines": {
        "node": ">=18.0.0"
      }
    },
    "node_modules/@google/generative-ai": {
      "version": "0.24.1",
      "license": "Apache-2.0",
      "engines": {
        "node": ">=18.0.0"
      }
    },
    "node_modules/@hono/node-server": {
      "version": "1.19.6",
      "license": "MIT",
      "engines": {
        "node": ">=18.14.1"
      },
      "peerDependencies": {
        "hono": "^4"
      }
    },
    "node_modules/@ioredis/commands": {
      "version": "1.4.0",
      "license": "MIT"
    },
    "node_modules/@prisma/client": {
      "version": "7.0.1",
      "license": "Apache-2.0",
      "dependencies": {
        "@prisma/client-runtime-utils": "7.0.1"
      },
      "engines": {
        "node": "^20.19 || ^22.12 || >=24.0"
      },
      "peerDependencies": {
        "prisma": "*",
        "typescript": ">=5.4.0"
      },
      "peerDependenciesMeta": {
        "prisma": {
          "optional": true
        },
        "typescript": {
          "optional": true
        }
      }
    },
    "node_modules/@prisma/client-runtime-utils": {
      "version": "7.0.1",
      "license": "Apache-2.0"
    },
    "node_modules/@smithy/abort-controller": {
      "version": "4.2.5",
      "dev": true,
      "license": "Apache-2.0",
      "dependencies": {
        "@smithy/types": "^4.9.0",
        "tslib": "^2.6.2"
      },
      "engines": {
        "node": ">=18.0.0"
      }
    },
    "node_modules/@smithy/config-resolver": {
      "version": "4.4.3",
      "dev": true,
      "license": "Apache-2.0",
      "dependencies": {
        "@smithy/node-config-provider": "^4.3.5",
        "@smithy/types": "^4.9.0",
        "@smithy/util-config-provider": "^4.2.0",
        "@smithy/util-endpoints": "^3.2.5",
        "@smithy/util-middleware": "^4.2.5",
        "tslib": "^2.6.2"
      },
      "engines": {
        "node": ">=18.0.0"
      }
    },
    "node_modules/@smithy/core": {
      "version": "3.18.5",
      "dev": true,
      "license": "Apache-2.0",
      "dependencies": {
        "@smithy/middleware-serde": "^4.2.6",
        "@smithy/protocol-http": "^5.3.5",
        "@smithy/types": "^4.9.0",
        "@smithy/util-base64": "^4.3.0",
        "@smithy/util-body-length-browser": "^4.2.0",
        "@smithy/util-middleware": "^4.2.5",
        "@smithy/util-stream": "^4.5.6",
        "@smithy/util-utf8": "^4.2.0",
        "@smithy/uuid": "^1.1.0",
        "tslib": "^2.6.2"
      },
      "engines": {
        "node": ">=18.0.0"
      }
    },
    "node_modules/@smithy/credential-provider-imds": {
      "version": "4.2.5",
      "dev": true,
      "license": "Apache-2.0",
      "dependencies": {
        "@smithy/node-config-provider": "^4.3.5",
        "@smithy/property-provider": "^4.2.5",
        "@smithy/types": "^4.9.0",
        "@smithy/url-parser": "^4.2.5",
        "tslib": "^2.6.2"
      },
      "engines": {
        "node": ">=18.0.0"
      }
    },
    "node_modules/@smithy/fetch-http-handler": {
      "version": "5.3.6",
      "dev": true,
      "license": "Apache-2.0",
      "dependencies": {
        "@smithy/protocol-http": "^5.3.5",
        "@smithy/querystring-builder": "^4.2.5",
        "@smithy/types": "^4.9.0",
        "@smithy/util-base64": "^4.3.0",
        "tslib": "^2.6.2"
      },
      "engines": {
        "node": ">=18.0.0"
      }
    },
    "node_modules/@smithy/hash-node": {
      "version": "4.2.5",
      "dev": true,
      "license": "Apache-2.0",
      "dependencies": {
        "@smithy/types": "^4.9.0",
        "@smithy/util-buffer-from": "^4.2.0",
        "@smithy/util-utf8": "^4.2.0",
        "tslib": "^2.6.2"
      },
      "engines": {
        "node": ">=18.0.0"
      }
    },
    "node_modules/@smithy/invalid-dependency": {
      "version": "4.2.5",
      "dev": true,
      "license": "Apache-2.0",
      "dependencies": {
        "@smithy/types": "^4.9.0",
        "tslib": "^2.6.2"
      },
      "engines": {
        "node": ">=18.0.0"
      }
    },
    "node_modules/@smithy/is-array-buffer": {
      "version": "4.2.0",
      "dev": true,
      "license": "Apache-2.0",
      "dependencies": {
        "tslib": "^2.6.2"
      },
      "engines": {
        "node": ">=18.0.0"
      }
    },
    "node_modules/@smithy/middleware-content-length": {
      "version": "4.2.5",
      "dev": true,
      "license": "Apache-2.0",
      "dependencies": {
        "@smithy/protocol-http": "^5.3.5",
        "@smithy/types": "^4.9.0",
        "tslib": "^2.6.2"
      },
      "engines": {
        "node": ">=18.0.0"
      }
    },
    "node_modules/@smithy/middleware-endpoint": {
      "version": "4.3.12",
      "dev": true,
      "license": "Apache-2.0",
      "dependencies": {
        "@smithy/core": "^3.18.5",
        "@smithy/middleware-serde": "^4.2.6",
        "@smithy/node-config-provider": "^4.3.5",
        "@smithy/shared-ini-file-loader": "^4.4.0",
        "@smithy/types": "^4.9.0",
        "@smithy/url-parser": "^4.2.5",
        "@smithy/util-middleware": "^4.2.5",
        "tslib": "^2.6.2"
      },
      "engines": {
        "node": ">=18.0.0"
      }
    },
    "node_modules/@smithy/middleware-retry": {
      "version": "4.4.12",
      "dev": true,
      "license": "Apache-2.0",
      "dependencies": {
        "@smithy/node-config-provider": "^4.3.5",
        "@smithy/protocol-http": "^5.3.5",
        "@smithy/service-error-classification": "^4.2.5",
        "@smithy/smithy-client": "^4.9.8",
        "@smithy/types": "^4.9.0",
        "@smithy/util-middleware": "^4.2.5",
        "@smithy/util-retry": "^4.2.5",
        "@smithy/uuid": "^1.1.0",
        "tslib": "^2.6.2"
      },
      "engines": {
        "node": ">=18.0.0"
      }
    },
    "node_modules/@smithy/middleware-serde": {
      "version": "4.2.6",
      "dev": true,
      "license": "Apache-2.0",
      "dependencies": {
        "@smithy/protocol-http": "^5.3.5",
        "@smithy/types": "^4.9.0",
        "tslib": "^2.6.2"
      },
      "engines": {
        "node": ">=18.0.0"
      }
    },
    "node_modules/@smithy/middleware-stack": {
      "version": "4.2.5",
      "dev": true,
      "license": "Apache-2.0",
      "dependencies": {
        "@smithy/types": "^4.9.0",
        "tslib": "^2.6.2"
      },
      "engines": {
        "node": ">=18.0.0"
      }
    },
    "node_modules/@smithy/node-config-provider": {
      "version": "4.3.5",
      "dev": true,
      "license": "Apache-2.0",
      "dependencies": {
        "@smithy/property-provider": "^4.2.5",
        "@smithy/shared-ini-file-loader": "^4.4.0",
        "@smithy/types": "^4.9.0",
        "tslib": "^2.6.2"
      },
      "engines": {
        "node": ">=18.0.0"
      }
    },
    "node_modules/@smithy/node-http-handler": {
      "version": "4.4.5",
      "dev": true,
      "license": "Apache-2.0",
      "dependencies": {
        "@smithy/abort-controller": "^4.2.5",
        "@smithy/protocol-http": "^5.3.5",
        "@smithy/querystring-builder": "^4.2.5",
        "@smithy/types": "^4.9.0",
        "tslib": "^2.6.2"
      },
      "engines": {
        "node": ">=18.0.0"
      }
    },
    "node_modules/@smithy/property-provider": {
      "version": "4.2.5",
      "dev": true,
      "license": "Apache-2.0",
      "dependencies": {
        "@smithy/types": "^4.9.0",
        "tslib": "^2.6.2"
      },
      "engines": {
        "node": ">=18.0.0"
      }
    },
    "node_modules/@smithy/protocol-http": {
      "version": "5.3.5",
      "dev": true,
      "license": "Apache-2.0",
      "dependencies": {
        "@smithy/types": "^4.9.0",
        "tslib": "^2.6.2"
      },
      "engines": {
        "node": ">=18.0.0"
      }
    },
    "node_modules/@smithy/querystring-builder": {
      "version": "4.2.5",
      "dev": true,
      "license": "Apache-2.0",
      "dependencies": {
        "@smithy/types": "^4.9.0",
        "@smithy/util-uri-escape": "^4.2.0",
        "tslib": "^2.6.2"
      },
      "engines": {
        "node": ">=18.0.0"
      }
    },
    "node_modules/@smithy/querystring-parser": {
      "version": "4.2.5",
      "dev": true,
      "license": "Apache-2.0",
      "dependencies": {
        "@smithy/types": "^4.9.0",
        "tslib": "^2.6.2"
      },
      "engines": {
        "node": ">=18.0.0"
      }
    },
    "node_modules/@smithy/service-error-classification": {
      "version": "4.2.5",
      "dev": true,
      "license": "Apache-2.0",
      "dependencies": {
        "@smithy/types": "^4.9.0"
      },
      "engines": {
        "node": ">=18.0.0"
      }
    },
    "node_modules/@smithy/shared-ini-file-loader": {
      "version": "4.4.0",
      "dev": true,
      "license": "Apache-2.0",
      "dependencies": {
        "@smithy/types": "^4.9.0",
        "tslib": "^2.6.2"
      },
      "engines": {
        "node": ">=18.0.0"
      }
    },
    "node_modules/@smithy/signature-v4": {
      "version": "5.3.5",
      "dev": true,
      "license": "Apache-2.0",
      "dependencies": {
        "@smithy/is-array-buffer": "^4.2.0",
        "@smithy/protocol-http": "^5.3.5",
        "@smithy/types": "^4.9.0",
        "@smithy/util-hex-encoding": "^4.2.0",
        "@smithy/util-middleware": "^4.2.5",
        "@smithy/util-uri-escape": "^4.2.0",
        "@smithy/util-utf8": "^4.2.0",
        "tslib": "^2.6.2"
      },
      "engines": {
        "node": ">=18.0.0"
      }
    },
    "node_modules/@smithy/smithy-client": {
      "version": "4.9.8",
      "dev": true,
      "license": "Apache-2.0",
      "dependencies": {
        "@smithy/core": "^3.18.5",
        "@smithy/middleware-endpoint": "^4.3.12",
        "@smithy/middleware-stack": "^4.2.5",
        "@smithy/protocol-http": "^5.3.5",
        "@smithy/types": "^4.9.0",
        "@smithy/util-stream": "^4.5.6",
        "tslib": "^2.6.2"
      },
      "engines": {
        "node": ">=18.0.0"
      }
    },
    "node_modules/@smithy/types": {
      "version": "4.9.0",
      "dev": true,
      "license": "Apache-2.0",
      "dependencies": {
        "tslib": "^2.6.2"
      },
      "engines": {
        "node": ">=18.0.0"
      }
    },
    "node_modules/@smithy/url-parser": {
      "version": "4.2.5",
      "dev": true,
      "license": "Apache-2.0",
      "dependencies": {
        "@smithy/querystring-parser": "^4.2.5",
        "@smithy/types": "^4.9.0",
        "tslib": "^2.6.2"
      },
      "engines": {
        "node": ">=18.0.0"
      }
    },
    "node_modules/@smithy/util-base64": {
      "version": "4.3.0",
      "dev": true,
      "license": "Apache-2.0",
      "dependencies": {
        "@smithy/util-buffer-from": "^4.2.0",
        "@smithy/util-utf8": "^4.2.0",
        "tslib": "^2.6.2"
      },
      "engines": {
        "node": ">=18.0.0"
      }
    },
    "node_modules/@smithy/util-body-length-browser": {
      "version": "4.2.0",
      "dev": true,
      "license": "Apache-2.0",
      "dependencies": {
        "tslib": "^2.6.2"
      },
      "engines": {
        "node": ">=18.0.0"
      }
    },
    "node_modules/@smithy/util-body-length-node": {
      "version": "4.2.1",
      "dev": true,
      "license": "Apache-2.0",
      "dependencies": {
        "tslib": "^2.6.2"
      },
      "engines": {
        "node": ">=18.0.0"
      }
    },
    "node_modules/@smithy/util-buffer-from": {
      "version": "4.2.0",
      "dev": true,
      "license": "Apache-2.0",
      "dependencies": {
        "@smithy/is-array-buffer": "^4.2.0",
        "tslib": "^2.6.2"
      },
      "engines": {
        "node": ">=18.0.0"
      }
    },
    "node_modules/@smithy/util-config-provider": {
      "version": "4.2.0",
      "dev": true,
      "license": "Apache-2.0",
      "dependencies": {
        "tslib": "^2.6.2"
      },
      "engines": {
        "node": ">=18.0.0"
      }
    },
    "node_modules/@smithy/util-defaults-mode-browser": {
      "version": "4.3.11",
      "dev": true,
      "license": "Apache-2.0",
      "dependencies": {
        "@smithy/property-provider": "^4.2.5",
        "@smithy/smithy-client": "^4.9.8",
        "@smithy/types": "^4.9.0",
        "tslib": "^2.6.2"
      },
      "engines": {
        "node": ">=18.0.0"
      }
    },
    "node_modules/@smithy/util-defaults-mode-node": {
      "version": "4.2.14",
      "dev": true,
      "license": "Apache-2.0",
      "dependencies": {
        "@smithy/config-resolver": "^4.4.3",
        "@smithy/credential-provider-imds": "^4.2.5",
        "@smithy/node-config-provider": "^4.3.5",
        "@smithy/property-provider": "^4.2.5",
        "@smithy/smithy-client": "^4.9.8",
        "@smithy/types": "^4.9.0",
        "tslib": "^2.6.2"
      },
      "engines": {
        "node": ">=18.0.0"
      }
    },
    "node_modules/@smithy/util-endpoints": {
      "version": "3.2.5",
      "dev": true,
      "license": "Apache-2.0",
      "dependencies": {
        "@smithy/node-config-provider": "^4.3.5",
        "@smithy/types": "^4.9.0",
        "tslib": "^2.6.2"
      },
      "engines": {
        "node": ">=18.0.0"
      }
    },
    "node_modules/@smithy/util-hex-encoding": {
      "version": "4.2.0",
      "dev": true,
      "license": "Apache-2.0",
      "dependencies": {
        "tslib": "^2.6.2"
      },
      "engines": {
        "node": ">=18.0.0"
      }
    },
    "node_modules/@smithy/util-middleware": {
      "version": "4.2.5",
      "dev": true,
      "license": "Apache-2.0",
      "dependencies": {
        "@smithy/types": "^4.9.0",
        "tslib": "^2.6.2"
      },
      "engines": {
        "node": ">=18.0.0"
      }
    },
    "node_modules/@smithy/util-retry": {
      "version": "4.2.5",
      "dev": true,
      "license": "Apache-2.0",
      "dependencies": {
        "@smithy/service-error-classification": "^4.2.5",
        "@smithy/types": "^4.9.0",
        "tslib": "^2.6.2"
      },
      "engines": {
        "node": ">=18.0.0"
      }
    },
    "node_modules/@smithy/util-stream": {
      "version": "4.5.6",
      "dev": true,
      "license": "Apache-2.0",
      "dependencies": {
        "@smithy/fetch-http-handler": "^5.3.6",
        "@smithy/node-http-handler": "^4.4.5",
        "@smithy/types": "^4.9.0",
        "@smithy/util-base64": "^4.3.0",
        "@smithy/util-buffer-from": "^4.2.0",
        "@smithy/util-hex-encoding": "^4.2.0",
        "@smithy/util-utf8": "^4.2.0",
        "tslib": "^2.6.2"
      },
      "engines": {
        "node": ">=18.0.0"
      }
    },
    "node_modules/@smithy/util-uri-escape": {
      "version": "4.2.0",
      "dev": true,
      "license": "Apache-2.0",
      "dependencies": {
        "tslib": "^2.6.2"
      },
      "engines": {
        "node": ">=18.0.0"
      }
    },
    "node_modules/@smithy/util-utf8": {
      "version": "4.2.0",
      "dev": true,
      "license": "Apache-2.0",
      "dependencies": {
        "@smithy/util-buffer-from": "^4.2.0",
        "tslib": "^2.6.2"
      },
      "engines": {
        "node": ">=18.0.0"
      }
    },
    "node_modules/@smithy/uuid": {
      "version": "1.1.0",
      "dev": true,
      "license": "Apache-2.0",
      "dependencies": {
        "tslib": "^2.6.2"
      },
      "engines": {
        "node": ">=18.0.0"
      }
    },
    "node_modules/@types/bcryptjs": {
      "version": "3.0.0",
      "deprecated": "This is a stub types definition. bcryptjs provides its own type definitions, so you do not need this installed.",
      "dev": true,
      "license": "MIT",
      "dependencies": {
        "bcryptjs": "*"
      }
    },
    "node_modules/@types/bun": {
      "version": "1.3.3",
      "dev": true,
      "license": "MIT",
      "dependencies": {
        "bun-types": "1.3.3"
      }
    },
    "node_modules/@types/jsonwebtoken": {
      "version": "9.0.10",
      "dev": true,
      "license": "MIT",
      "dependencies": {
        "@types/ms": "*",
        "@types/node": "*"
      }
    },
    "node_modules/@types/ms": {
      "version": "2.1.0",
      "dev": true,
      "license": "MIT"
    },
    "node_modules/@types/node": {
      "version": "24.10.1",
      "dev": true,
      "license": "MIT",
      "dependencies": {
        "undici-types": "~7.16.0"
      }
    },
    "node_modules/@types/nodemailer": {
      "version": "7.0.4",
      "dev": true,
      "license": "MIT",
      "dependencies": {
        "@aws-sdk/client-sesv2": "^3.839.0",
        "@types/node": "*"
      }
    },
    "node_modules/bcryptjs": {
      "version": "3.0.3",
      "license": "BSD-3-Clause",
      "bin": {
        "bcrypt": "bin/bcrypt"
      }
    },
    "node_modules/bowser": {
      "version": "2.13.1",
      "dev": true,
      "license": "MIT"
    },
    "node_modules/buffer-equal-constant-time": {
      "version": "1.0.1",
      "license": "BSD-3-Clause"
    },
    "node_modules/bun-types": {
      "version": "1.3.3",
      "dev": true,
      "license": "MIT",
      "dependencies": {
        "@types/node": "*"
      }
    },
    "node_modules/cluster-key-slot": {
      "version": "1.1.2",
      "license": "Apache-2.0",
      "engines": {
        "node": ">=0.10.0"
      }
    },
    "node_modules/date-fns": {
      "version": "4.1.0",
      "license": "MIT",
      "funding": {
        "type": "github",
        "url": "https://github.com/sponsors/kossnocorp"
      }
    },
    "node_modules/debug": {
      "version": "4.4.3",
      "license": "MIT",
      "dependencies": {
        "ms": "^2.1.3"
      },
      "engines": {
        "node": ">=6.0"
      },
      "peerDependenciesMeta": {
        "supports-color": {
          "optional": true
        }
      }
    },
    "node_modules/denque": {
      "version": "2.1.0",
      "license": "Apache-2.0",
      "engines": {
        "node": ">=0.10"
      }
    },
    "node_modules/ecdsa-sig-formatter": {
      "version": "1.0.11",
      "license": "Apache-2.0",
      "dependencies": {
        "safe-buffer": "^5.0.1"
      }
    },
    "node_modules/fast-xml-parser": {
      "version": "5.2.5",
      "dev": true,
      "funding": [
        {
          "type": "github",
          "url": "https://github.com/sponsors/NaturalIntelligence"
        }
      ],
      "license": "MIT",
      "dependencies": {
        "strnum": "^2.1.0"
      },
      "bin": {
        "fxparser": "src/cli/cli.js"
      }
    },
    "node_modules/hono": {
      "version": "4.10.7",
      "license": "MIT",
      "engines": {
        "node": ">=16.9.0"
      }
    },
    "node_modules/ioredis": {
      "version": "5.8.2",
      "license": "MIT",
      "dependencies": {
        "@ioredis/commands": "1.4.0",
        "cluster-key-slot": "^1.1.0",
        "debug": "^4.3.4",
        "denque": "^2.1.0",
        "lodash.defaults": "^4.2.0",
        "lodash.isarguments": "^3.1.0",
        "redis-errors": "^1.2.0",
        "redis-parser": "^3.0.0",
        "standard-as-callback": "^2.1.0"
      },
      "engines": {
        "node": ">=12.22.0"
      },
      "funding": {
        "type": "opencollective",
        "url": "https://opencollective.com/ioredis"
      }
    },
    "node_modules/jsonwebtoken": {
      "version": "9.0.2",
      "license": "MIT",
      "dependencies": {
        "jws": "^3.2.2",
        "lodash.includes": "^4.3.0",
        "lodash.isboolean": "^3.0.3",
        "lodash.isinteger": "^4.0.4",
        "lodash.isnumber": "^3.0.3",
        "lodash.isplainobject": "^4.0.6",
        "lodash.isstring": "^4.0.1",
        "lodash.once": "^4.0.0",
        "ms": "^2.1.1",
        "semver": "^7.5.4"
      },
      "engines": {
        "node": ">=12",
        "npm": ">=6"
      }
    },
    "node_modules/jwa": {
      "version": "1.4.2",
      "license": "MIT",
      "dependencies": {
        "buffer-equal-constant-time": "^1.0.1",
        "ecdsa-sig-formatter": "1.0.11",
        "safe-buffer": "^5.0.1"
      }
    },
    "node_modules/jws": {
      "version": "3.2.2",
      "license": "MIT",
      "dependencies": {
        "jwa": "^1.4.1",
        "safe-buffer": "^5.0.1"
      }
    },
    "node_modules/lodash.defaults": {
      "version": "4.2.0",
      "license": "MIT"
    },
    "node_modules/lodash.includes": {
      "version": "4.3.0",
      "license": "MIT"
    },
    "node_modules/lodash.isarguments": {
      "version": "3.1.0",
      "license": "MIT"
    },
    "node_modules/lodash.isboolean": {
      "version": "3.0.3",
      "license": "MIT"
    },
    "node_modules/lodash.isinteger": {
      "version": "4.0.4",
      "license": "MIT"
    },
    "node_modules/lodash.isnumber": {
      "version": "3.0.3",
      "license": "MIT"
    },
    "node_modules/lodash.isplainobject": {
      "version": "4.0.6",
      "license": "MIT"
    },
    "node_modules/lodash.isstring": {
      "version": "4.0.1",
      "license": "MIT"
    },
    "node_modules/lodash.once": {
      "version": "4.1.1",
      "license": "MIT"
    },
    "node_modules/ms": {
      "version": "2.1.3",
      "license": "MIT"
    },
    "node_modules/nanoid": {
      "version": "5.1.6",
      "funding": [
        {
          "type": "github",
          "url": "https://github.com/sponsors/ai"
        }
      ],
      "license": "MIT",
      "bin": {
        "nanoid": "bin/nanoid.js"
      },
      "engines": {
        "node": "^18 || >=20"
      }
    },
    "node_modules/nodemailer": {
      "version": "7.0.11",
      "license": "MIT-0",
      "engines": {
        "node": ">=6.0.0"
      }
    },
    "node_modules/redis-errors": {
      "version": "1.2.0",
      "license": "MIT",
      "engines": {
        "node": ">=4"
      }
    },
    "node_modules/redis-parser": {
      "version": "3.0.0",
      "license": "MIT",
      "dependencies": {
        "redis-errors": "^1.0.0"
      },
      "engines": {
        "node": ">=4"
      }
    },
    "node_modules/safe-buffer": {
      "version": "5.2.1",
      "funding": [
        {
          "type": "github",
          "url": "https://github.com/sponsors/feross"
        },
        {
          "type": "patreon",
          "url": "https://www.patreon.com/feross"
        },
        {
          "type": "consulting",
          "url": "https://feross.org/support"
        }
      ],
      "license": "MIT"
    },
    "node_modules/semver": {
      "version": "7.7.3",
      "license": "ISC",
      "bin": {
        "semver": "bin/semver.js"
      },
      "engines": {
        "node": ">=10"
      }
    },
    "node_modules/standard-as-callback": {
      "version": "2.1.0",
      "license": "MIT"
    },
    "node_modules/strnum": {
      "version": "2.1.1",
      "dev": true,
      "funding": [
        {
          "type": "github",
          "url": "https://github.com/sponsors/NaturalIntelligence"
        }
      ],
      "license": "MIT"
    },
    "node_modules/tslib": {
      "version": "2.8.1",
      "dev": true,
      "license": "0BSD"
    },
    "node_modules/typescript": {
      "version": "5.9.3",
      "license": "Apache-2.0",
      "peer": true,
      "bin": {
        "tsc": "bin/tsc",
        "tsserver": "bin/tsserver"
      },
      "engines": {
        "node": ">=14.17"
      }
    },
    "node_modules/undici-types": {
      "version": "7.16.0",
      "dev": true,
      "license": "MIT"
    },
    "node_modules/zod": {
      "version": "4.1.13",
      "license": "MIT",
      "funding": {
        "url": "https://github.com/sponsors/colinhacks"
      }
    }
  }
}
